// !$*UTF8*$!
{
	archiveVersion = 1;
	classes = {
	};
	objectVersion = 48;
	objects = {

/* Begin PBXBuildFile section */
		F32549AE1FE12C6500CB2942 /* AppDelegate.swift in Sources */ = {isa = PBXBuildFile; fileRef = F32549AD1FE12C6500CB2942 /* AppDelegate.swift */; };
		F32549B01FE12C6500CB2942 /* MasterViewController.swift in Sources */ = {isa = PBXBuildFile; fileRef = F32549AF1FE12C6500CB2942 /* MasterViewController.swift */; };
		F32549B21FE12C6500CB2942 /* DetailViewController.swift in Sources */ = {isa = PBXBuildFile; fileRef = F32549B11FE12C6500CB2942 /* DetailViewController.swift */; };
		F32549B51FE12C6500CB2942 /* Main.storyboard in Resources */ = {isa = PBXBuildFile; fileRef = F32549B31FE12C6500CB2942 /* Main.storyboard */; };
		F32549B71FE12C6500CB2942 /* Assets.xcassets in Resources */ = {isa = PBXBuildFile; fileRef = F32549B61FE12C6500CB2942 /* Assets.xcassets */; };
		F32549BA1FE12C6500CB2942 /* LaunchScreen.storyboard in Resources */ = {isa = PBXBuildFile; fileRef = F32549B81FE12C6500CB2942 /* LaunchScreen.storyboard */; };
/* End PBXBuildFile section */

/* Begin PBXFileReference section */
		F32549AA1FE12C6500CB2942 /* RealmDo.app */ = {isa = PBXFileReference; explicitFileType = wrapper.application; includeInIndex = 0; path = RealmDo.app; sourceTree = BUILT_PRODUCTS_DIR; };
		F32549AD1FE12C6500CB2942 /* AppDelegate.swift */ = {isa = PBXFileReference; lastKnownFileType = sourcecode.swift; path = AppDelegate.swift; sourceTree = "<group>"; };
		F32549AF1FE12C6500CB2942 /* MasterViewController.swift */ = {isa = PBXFileReference; lastKnownFileType = sourcecode.swift; path = MasterViewController.swift; sourceTree = "<group>"; };
		F32549B11FE12C6500CB2942 /* DetailViewController.swift */ = {isa = PBXFileReference; lastKnownFileType = sourcecode.swift; path = DetailViewController.swift; sourceTree = "<group>"; };
		F32549B41FE12C6500CB2942 /* Base */ = {isa = PBXFileReference; lastKnownFileType = file.storyboard; name = Base; path = Base.lproj/Main.storyboard; sourceTree = "<group>"; };
		F32549B61FE12C6500CB2942 /* Assets.xcassets */ = {isa = PBXFileReference; lastKnownFileType = folder.assetcatalog; path = Assets.xcassets; sourceTree = "<group>"; };
		F32549B91FE12C6500CB2942 /* Base */ = {isa = PBXFileReference; lastKnownFileType = file.storyboard; name = Base; path = Base.lproj/LaunchScreen.storyboard; sourceTree = "<group>"; };
		F32549BB1FE12C6500CB2942 /* Info.plist */ = {isa = PBXFileReference; lastKnownFileType = text.plist.xml; path = Info.plist; sourceTree = "<group>"; };
/* End PBXFileReference section */

/* Begin PBXFrameworksBuildPhase section */
		F32549A71FE12C6500CB2942 /* Frameworks */ = {
			isa = PBXFrameworksBuildPhase;
			buildActionMask = 2147483647;
			files = (
			);
			runOnlyForDeploymentPostprocessing = 0;
		};
/* End PBXFrameworksBuildPhase section */

/* Begin PBXGroup section */
		F32549A11FE12C6500CB2942 = {
			isa = PBXGroup;
			children = (
				F32549AC1FE12C6500CB2942 /* RealmDo */,
				F32549AB1FE12C6500CB2942 /* Products */,
			);
			sourceTree = "<group>";
		};
		F32549AB1FE12C6500CB2942 /* Products */ = {
			isa = PBXGroup;
			children = (
				F32549AA1FE12C6500CB2942 /* RealmDo.app */,
			);
			name = Products;
			sourceTree = "<group>";
		};
		F32549AC1FE12C6500CB2942 /* RealmDo */ = {
			isa = PBXGroup;
			children = (
				F32549AD1FE12C6500CB2942 /* AppDelegate.swift */,
				F32549AF1FE12C6500CB2942 /* MasterViewController.swift */,
				F32549B11FE12C6500CB2942 /* DetailViewController.swift */,
				F32549B31FE12C6500CB2942 /* Main.storyboard */,
				F32549B61FE12C6500CB2942 /* Assets.xcassets */,
				F32549B81FE12C6500CB2942 /* LaunchScreen.storyboard */,
				F32549BB1FE12C6500CB2942 /* Info.plist */,
			);
			path = RealmDo;
			sourceTree = "<group>";
		};
/* End PBXGroup section */

/* Begin PBXNativeTarget section */
		F32549A91FE12C6500CB2942 /* RealmDo */ = {
			isa = PBXNativeTarget;
			buildConfigurationList = F32549BE1FE12C6500CB2942 /* Build configuration list for PBXNativeTarget "RealmDo" */;
			buildPhases = (
				F32549A61FE12C6500CB2942 /* Sources */,
				F32549A71FE12C6500CB2942 /* Frameworks */,
				F32549A81FE12C6500CB2942 /* Resources */,
			);
			buildRules = (
			);
			dependencies = (
			);
			name = RealmDo;
			productName = RealmDo;
			productReference = F32549AA1FE12C6500CB2942 /* RealmDo.app */;
			productType = "com.apple.product-type.application";
		};
/* End PBXNativeTarget section */

/* Begin PBXProject section */
		F32549A21FE12C6500CB2942 /* Project object */ = {
			isa = PBXProject;
			attributes = {
				LastSwiftUpdateCheck = 0920;
				LastUpgradeCheck = 0920;
				ORGANIZATIONNAME = landtanin;
				TargetAttributes = {
					F32549A91FE12C6500CB2942 = {
						CreatedOnToolsVersion = 9.2;
						ProvisioningStyle = Automatic;
					};
				};
			};
			buildConfigurationList = F32549A51FE12C6500CB2942 /* Build configuration list for PBXProject "RealmDo" */;
			compatibilityVersion = "Xcode 8.0";
			developmentRegion = en;
			hasScannedForEncodings = 0;
			knownRegions = (
				en,
				Base,
			);
			mainGroup = F32549A11FE12C6500CB2942;
			productRefGroup = F32549AB1FE12C6500CB2942 /* Products */;
			projectDirPath = "";
			projectRoot = "";
			targets = (
				F32549A91FE12C6500CB2942 /* RealmDo */,
			);
		};
/* End PBXProject section */

/* Begin PBXResourcesBuildPhase section */
		F32549A81FE12C6500CB2942 /* Resources */ = {
			isa = PBXResourcesBuildPhase;
			buildActionMask = 2147483647;
			files = (
				F32549BA1FE12C6500CB2942 /* LaunchScreen.storyboard in Resources */,
				F32549B71FE12C6500CB2942 /* Assets.xcassets in Resources */,
				F32549B51FE12C6500CB2942 /* Main.storyboard in Resources */,
			);
			runOnlyForDeploymentPostprocessing = 0;
		};
/* End PBXResourcesBuildPhase section */

/* Begin PBXSourcesBuildPhase section */
		F32549A61FE12C6500CB2942 /* Sources */ = {
			isa = PBXSourcesBuildPhase;
			buildActionMask = 2147483647;
			files = (
				F32549B21FE12C6500CB2942 /* DetailViewController.swift in Sources */,
				F32549B01FE12C6500CB2942 /* MasterViewController.swift in Sources */,
				F32549AE1FE12C6500CB2942 /* AppDelegate.swift in Sources */,
			);
			runOnlyForDeploymentPostprocessing = 0;
		};
/* End PBXSourcesBuildPhase section */

/* Begin PBXVariantGroup section */
		F32549B31FE12C6500CB2942 /* Main.storyboard */ = {
			isa = PBXVariantGroup;
			children = (
				F32549B41FE12C6500CB2942 /* Base */,
			);
			name = Main.storyboard;
			sourceTree = "<group>";
		};
		F32549B81FE12C6500CB2942 /* LaunchScreen.storyboard */ = {
			isa = PBXVariantGroup;
			children = (
				F32549B91FE12C6500CB2942 /* Base */,
			);
			name = LaunchScreen.storyboard;
			sourceTree = "<group>";
		};
/* End PBXVariantGroup section */

/* Begin XCBuildConfiguration section */
		F32549BC1FE12C6500CB2942 /* Debug */ = {
			isa = XCBuildConfiguration;
			buildSettings = {
				ALWAYS_SEARCH_USER_PATHS = NO;
				CLANG_ANALYZER_NONNULL = YES;
				CLANG_ANALYZER_NUMBER_OBJECT_CONVERSION = YES_AGGRESSIVE;
				CLANG_CXX_LANGUAGE_STANDARD = "gnu++14";
				CLANG_CXX_LIBRARY = "libc++";
				CLANG_ENABLE_MODULES = YES;
				CLANG_ENABLE_OBJC_ARC = YES;
				CLANG_WARN_BLOCK_CAPTURE_AUTORELEASING = YES;
				CLANG_WARN_BOOL_CONVERSION = YES;
				CLANG_WARN_COMMA = YES;
				CLANG_WARN_CONSTANT_CONVERSION = YES;
				CLANG_WARN_DIRECT_OBJC_ISA_USAGE = YES_ERROR;
				CLANG_WARN_DOCUMENTATION_COMMENTS = YES;
				CLANG_WARN_EMPTY_BODY = YES;
				CLANG_WARN_ENUM_CONVERSION = YES;
				CLANG_WARN_INFINITE_RECURSION = YES;
				CLANG_WARN_INT_CONVERSION = YES;
				CLANG_WARN_NON_LITERAL_NULL_CONVERSION = YES;
				CLANG_WARN_OBJC_LITERAL_CONVERSION = YES;
				CLANG_WARN_OBJC_ROOT_CLASS = YES_ERROR;
				CLANG_WARN_RANGE_LOOP_ANALYSIS = YES;
				CLANG_WARN_STRICT_PROTOTYPES = YES;
				CLANG_WARN_SUSPICIOUS_MOVE = YES;
				CLANG_WARN_UNGUARDED_AVAILABILITY = YES_AGGRESSIVE;
				CLANG_WARN_UNREACHABLE_CODE = YES;
				CLANG_WARN__DUPLICATE_METHOD_MATCH = YES;
				CODE_SIGN_IDENTITY = "iPhone Developer";
				COPY_PHASE_STRIP = NO;
				DEBUG_INFORMATION_FORMAT = dwarf;
				ENABLE_STRICT_OBJC_MSGSEND = YES;
				ENABLE_TESTABILITY = YES;
				GCC_C_LANGUAGE_STANDARD = gnu11;
				GCC_DYNAMIC_NO_PIC = NO;
				GCC_NO_COMMON_BLOCKS = YES;
				GCC_OPTIMIZATION_LEVEL = 0;
				GCC_PREPROCESSOR_DEFINITIONS = (
					"DEBUG=1",
					"$(inherited)",
				);
				GCC_WARN_64_TO_32_BIT_CONVERSION = YES;
				GCC_WARN_ABOUT_RETURN_TYPE = YES_ERROR;
				GCC_WARN_UNDECLARED_SELECTOR = YES;
				GCC_WARN_UNINITIALIZED_AUTOS = YES_AGGRESSIVE;
				GCC_WARN_UNUSED_FUNCTION = YES;
				GCC_WARN_UNUSED_VARIABLE = YES;
				IPHONEOS_DEPLOYMENT_TARGET = 11.2;
				MTL_ENABLE_DEBUG_INFO = YES;
				ONLY_ACTIVE_ARCH = YES;
				SDKROOT = iphoneos;
				SWIFT_ACTIVE_COMPILATION_CONDITIONS = DEBUG;
				SWIFT_OPTIMIZATION_LEVEL = "-Onone";
			};
			name = Debug;
		};
		F32549BD1FE12C6500CB2942 /* Release */ = {
			isa = XCBuildConfiguration;
			buildSettings = {
				ALWAYS_SEARCH_USER_PATHS = NO;
				CLANG_ANALYZER_NONNULL = YES;
				CLANG_ANALYZER_NUMBER_OBJECT_CONVERSION = YES_AGGRESSIVE;
				CLANG_CXX_LANGUAGE_STANDARD = "gnu++14";
				CLANG_CXX_LIBRARY = "libc++";
				CLANG_ENABLE_MODULES = YES;
				CLANG_ENABLE_OBJC_ARC = YES;
				CLANG_WARN_BLOCK_CAPTURE_AUTORELEASING = YES;
				CLANG_WARN_BOOL_CONVERSION = YES;
				CLANG_WARN_COMMA = YES;
				CLANG_WARN_CONSTANT_CONVERSION = YES;
				CLANG_WARN_DIRECT_OBJC_ISA_USAGE = YES_ERROR;
				CLANG_WARN_DOCUMENTATION_COMMENTS = YES;
				CLANG_WARN_EMPTY_BODY = YES;
				CLANG_WARN_ENUM_CONVERSION = YES;
				CLANG_WARN_INFINITE_RECURSION = YES;
				CLANG_WARN_INT_CONVERSION = YES;
				CLANG_WARN_NON_LITERAL_NULL_CONVERSION = YES;
				CLANG_WARN_OBJC_LITERAL_CONVERSION = YES;
				CLANG_WARN_OBJC_ROOT_CLASS = YES_ERROR;
				CLANG_WARN_RANGE_LOOP_ANALYSIS = YES;
				CLANG_WARN_STRICT_PROTOTYPES = YES;
				CLANG_WARN_SUSPICIOUS_MOVE = YES;
				CLANG_WARN_UNGUARDED_AVAILABILITY = YES_AGGRESSIVE;
				CLANG_WARN_UNREACHABLE_CODE = YES;
				CLANG_WARN__DUPLICATE_METHOD_MATCH = YES;
				CODE_SIGN_IDENTITY = "iPhone Developer";
				COPY_PHASE_STRIP = NO;
				DEBUG_INFORMATION_FORMAT = "dwarf-with-dsym";
				ENABLE_NS_ASSERTIONS = NO;
				ENABLE_STRICT_OBJC_MSGSEND = YES;
				GCC_C_LANGUAGE_STANDARD = gnu11;
				GCC_NO_COMMON_BLOCKS = YES;
				GCC_WARN_64_TO_32_BIT_CONVERSION = YES;
				GCC_WARN_ABOUT_RETURN_TYPE = YES_ERROR;
				GCC_WARN_UNDECLARED_SELECTOR = YES;
				GCC_WARN_UNINITIALIZED_AUTOS = YES_AGGRESSIVE;
				GCC_WARN_UNUSED_FUNCTION = YES;
				GCC_WARN_UNUSED_VARIABLE = YES;
				IPHONEOS_DEPLOYMENT_TARGET = 11.2;
				MTL_ENABLE_DEBUG_INFO = NO;
				SDKROOT = iphoneos;
				SWIFT_OPTIMIZATION_LEVEL = "-Owholemodule";
				VALIDATE_PRODUCT = YES;
			};
			name = Release;
		};
		F32549BF1FE12C6500CB2942 /* Debug */ = {
			isa = XCBuildConfiguration;
			buildSettings = {
				ASSETCATALOG_COMPILER_APPICON_NAME = AppIcon;
				CODE_SIGN_STYLE = Automatic;
				DEVELOPMENT_TEAM = 4246PMBZVS;
				INFOPLIST_FILE = RealmDo/Info.plist;
				LD_RUNPATH_SEARCH_PATHS = "$(inherited) @executable_path/Frameworks";
				PRODUCT_BUNDLE_IDENTIFIER = com.landtanin.RealmDo;
				PRODUCT_NAME = "$(TARGET_NAME)";
				SWIFT_VERSION = 4.0;
				TARGETED_DEVICE_FAMILY = "1,2";
			};
			name = Debug;
		};
		F32549C01FE12C6500CB2942 /* Release */ = {
			isa = XCBuildConfiguration;
			buildSettings = {
				ASSETCATALOG_COMPILER_APPICON_NAME = AppIcon;
				CODE_SIGN_STYLE = Automatic;
				DEVELOPMENT_TEAM = 4246PMBZVS;
				INFOPLIST_FILE = RealmDo/Info.plist;
				LD_RUNPATH_SEARCH_PATHS = "$(inherited) @executable_path/Frameworks";
				PRODUCT_BUNDLE_IDENTIFIER = com.landtanin.RealmDo;
				PRODUCT_NAME = "$(TARGET_NAME)";
				SWIFT_VERSION = 4.0;
				TARGETED_DEVICE_FAMILY = "1,2";
			};
			name = Release;
		};
/* End XCBuildConfiguration section */

/* Begin XCConfigurationList section */
		F32549A51FE12C6500CB2942 /* Build configuration list for PBXProject "RealmDo" */ = {
			isa = XCConfigurationList;
			buildConfigurations = (
				F32549BC1FE12C6500CB2942 /* Debug */,
				F32549BD1FE12C6500CB2942 /* Release */,
			);
			defaultConfigurationIsVisible = 0;
			defaultConfigurationName = Release;
		};
		F32549BE1FE12C6500CB2942 /* Build configuration list for PBXNativeTarget "RealmDo" */ = {
			isa = XCConfigurationList;
			buildConfigurations = (
				F32549BF1FE12C6500CB2942 /* Debug */,
				F32549C01FE12C6500CB2942 /* Release */,
			);
			defaultConfigurationIsVisible = 0;
			defaultConfigurationName = Release;
		};
/* End XCConfigurationList section */
	};
	rootObject = F32549A21FE12C6500CB2942 /* Project object */;
}
