// !$*UTF8*$!
{
	archiveVersion = 1;
	classes = {
	};
	objectVersion = 48;
	objects = {

/* Begin PBXBuildFile section */
		B9DD1DF4049F523AE9A3D7D4 /* Pods_RealmDo.framework in Frameworks */ = {isa = PBXBuildFile; fileRef = 003A7583864755EF6E506C2B /* Pods_RealmDo.framework */; };
		F32549AE1FE12C6500CB2942 /* AppDelegate.swift in Sources */ = {isa = PBXBuildFile; fileRef = F32549AD1FE12C6500CB2942 /* AppDelegate.swift */; };
		F32549B01FE12C6500CB2942 /* MasterViewController.swift in Sources */ = {isa = PBXBuildFile; fileRef = F32549AF1FE12C6500CB2942 /* MasterViewController.swift */; };
		F32549B21FE12C6500CB2942 /* DetailViewController.swift in Sources */ = {isa = PBXBuildFile; fileRef = F32549B11FE12C6500CB2942 /* DetailViewController.swift */; };
		F32549B51FE12C6500CB2942 /* Main.storyboard in Resources */ = {isa = PBXBuildFile; fileRef = F32549B31FE12C6500CB2942 /* Main.storyboard */; };
		F32549B71FE12C6500CB2942 /* Assets.xcassets in Resources */ = {isa = PBXBuildFile; fileRef = F32549B61FE12C6500CB2942 /* Assets.xcassets */; };
		F32549BA1FE12C6500CB2942 /* LaunchScreen.storyboard in Resources */ = {isa = PBXBuildFile; fileRef = F32549B81FE12C6500CB2942 /* LaunchScreen.storyboard */; };
		F3EA630E1FE12ED600534A02 /* Reminder.swift in Sources */ = {isa = PBXBuildFile; fileRef = F3EA630D1FE12ED600534A02 /* Reminder.swift */; };
/* End PBXBuildFile section */

/* Begin PBXFileReference section */
		003A7583864755EF6E506C2B /* Pods_RealmDo.framework */ = {isa = PBXFileReference; explicitFileType = wrapper.framework; includeInIndex = 0; path = Pods_RealmDo.framework; sourceTree = BUILT_PRODUCTS_DIR; };
		3C2B1A5B681BE0E7D0BB04FF /* Pods-RealmDo.debug.xcconfig */ = {isa = PBXFileReference; includeInIndex = 1; lastKnownFileType = text.xcconfig; name = "Pods-RealmDo.debug.xcconfig"; path = "Pods/Target Support Files/Pods-RealmDo/Pods-RealmDo.debug.xcconfig"; sourceTree = "<group>"; };
		A8E8E45D5FEB37E7F1CDC6B9 /* Pods-RealmDo.release.xcconfig */ = {isa = PBXFileReference; includeInIndex = 1; lastKnownFileType = text.xcconfig; name = "Pods-RealmDo.release.xcconfig"; path = "Pods/Target Support Files/Pods-RealmDo/Pods-RealmDo.release.xcconfig"; sourceTree = "<group>"; };
		F32549AA1FE12C6500CB2942 /* RealmDo.app */ = {isa = PBXFileReference; explicitFileType = wrapper.application; includeInIndex = 0; path = RealmDo.app; sourceTree = BUILT_PRODUCTS_DIR; };
		F32549AD1FE12C6500CB2942 /* AppDelegate.swift */ = {isa = PBXFileReference; lastKnownFileType = sourcecode.swift; path = AppDelegate.swift; sourceTree = "<group>"; };
		F32549AF1FE12C6500CB2942 /* MasterViewController.swift */ = {isa = PBXFileReference; lastKnownFileType = sourcecode.swift; path = MasterViewController.swift; sourceTree = "<group>"; };
		F32549B11FE12C6500CB2942 /* DetailViewController.swift */ = {isa = PBXFileReference; lastKnownFileType = sourcecode.swift; path = DetailViewController.swift; sourceTree = "<group>"; };
		F32549B41FE12C6500CB2942 /* Base */ = {isa = PBXFileReference; lastKnownFileType = file.storyboard; name = Base; path = Base.lproj/Main.storyboard; sourceTree = "<group>"; };
		F32549B61FE12C6500CB2942 /* Assets.xcassets */ = {isa = PBXFileReference; lastKnownFileType = folder.assetcatalog; path = Assets.xcassets; sourceTree = "<group>"; };
		F32549B91FE12C6500CB2942 /* Base */ = {isa = PBXFileReference; lastKnownFileType = file.storyboard; name = Base; path = Base.lproj/LaunchScreen.storyboard; sourceTree = "<group>"; };
		F32549BB1FE12C6500CB2942 /* Info.plist */ = {isa = PBXFileReference; lastKnownFileType = text.plist.xml; path = Info.plist; sourceTree = "<group>"; };
		F3EA630D1FE12ED600534A02 /* Reminder.swift */ = {isa = PBXFileReference; lastKnownFileType = sourcecode.swift; path = Reminder.swift; sourceTree = "<group>"; };
/* End PBXFileReference section */

/* Begin PBXFrameworksBuildPhase section */
		F32549A71FE12C6500CB2942 /* Frameworks */ = {
			isa = PBXFrameworksBuildPhase;
			buildActionMask = 2147483647;
			files = (
				B9DD1DF4049F523AE9A3D7D4 /* Pods_RealmDo.framework in Frameworks */,
			);
			runOnlyForDeploymentPostprocessing = 0;
		};
/* End PBXFrameworksBuildPhase section */

/* Begin PBXGroup section */
		814510B30024F0E7A7725387 /* Frameworks */ = {
			isa = PBXGroup;
			children = (
				003A7583864755EF6E506C2B /* Pods_RealmDo.framework */,
			);
			name = Frameworks;
			sourceTree = "<group>";
		};
		E3E5E1B35C732081FA1A2DE4 /* Pods */ = {
			isa = PBXGroup;
			children = (
				3C2B1A5B681BE0E7D0BB04FF /* Pods-RealmDo.debug.xcconfig */,
				A8E8E45D5FEB37E7F1CDC6B9 /* Pods-RealmDo.release.xcconfig */,
			);
			name = Pods;
			sourceTree = "<group>";
		};
		F32549A11FE12C6500CB2942 = {
			isa = PBXGroup;
			children = (
				F32549AC1FE12C6500CB2942 /* RealmDo */,
				F32549AB1FE12C6500CB2942 /* Products */,
				E3E5E1B35C732081FA1A2DE4 /* Pods */,
				814510B30024F0E7A7725387 /* Frameworks */,
			);
			sourceTree = "<group>";
		};
		F32549AB1FE12C6500CB2942 /* Products */ = {
			isa = PBXGroup;
			children = (
				F32549AA1FE12C6500CB2942 /* RealmDo.app */,
			);
			name = Products;
			sourceTree = "<group>";
		};
		F32549AC1FE12C6500CB2942 /* RealmDo */ = {
			isa = PBXGroup;
			children = (
				F3EA630C1FE12EC300534A02 /* Models */,
				F32549AD1FE12C6500CB2942 /* AppDelegate.swift */,
				F32549AF1FE12C6500CB2942 /* MasterViewController.swift */,
				F32549B11FE12C6500CB2942 /* DetailViewController.swift */,
				F32549B31FE12C6500CB2942 /* Main.storyboard */,
				F32549B61FE12C6500CB2942 /* Assets.xcassets */,
				F32549B81FE12C6500CB2942 /* LaunchScreen.storyboard */,
				F32549BB1FE12C6500CB2942 /* Info.plist */,
			);
			path = RealmDo;
			sourceTree = "<group>";
		};
		F3EA630C1FE12EC300534A02 /* Models */ = {
			isa = PBXGroup;
			children = (
				F3EA630D1FE12ED600534A02 /* Reminder.swift */,
			);
			path = Models;
			sourceTree = "<group>";
		};
/* End PBXGroup section */

/* Begin PBXNativeTarget section */
		F32549A91FE12C6500CB2942 /* RealmDo */ = {
			isa = PBXNativeTarget;
			buildConfigurationList = F32549BE1FE12C6500CB2942 /* Build configuration list for PBXNativeTarget "RealmDo" */;
			buildPhases = (
				736EA01CDF2E5857FBB5D71D /* [CP] Check Pods Manifest.lock */,
				F32549A61FE12C6500CB2942 /* Sources */,
				F32549A71FE12C6500CB2942 /* Frameworks */,
				F32549A81FE12C6500CB2942 /* Resources */,
				02546B8EC1E555D7836EBD03 /* [CP] Embed Pods Frameworks */,
				C9C5D7E4270FC3B43000EC27 /* [CP] Copy Pods Resources */,
			);
			buildRules = (
			);
			dependencies = (
			);
			name = RealmDo;
			productName = RealmDo;
			productReference = F32549AA1FE12C6500CB2942 /* RealmDo.app */;
			productType = "com.apple.product-type.application";
		};
/* End PBXNativeTarget section */

/* Begin PBXProject section */
		F32549A21FE12C6500CB2942 /* Project object */ = {
			isa = PBXProject;
			attributes = {
				LastSwiftUpdateCheck = 0920;
				LastUpgradeCheck = 0920;
				ORGANIZATIONNAME = landtanin;
				TargetAttributes = {
					F32549A91FE12C6500CB2942 = {
						CreatedOnToolsVersion = 9.2;
						ProvisioningStyle = Automatic;
					};
				};
			};
			buildConfigurationList = F32549A51FE12C6500CB2942 /* Build configuration list for PBXProject "RealmDo" */;
			compatibilityVersion = "Xcode 8.0";
			developmentRegion = en;
			hasScannedForEncodings = 0;
			knownRegions = (
				en,
				Base,
			);
			mainGroup = F32549A11FE12C6500CB2942;
			productRefGroup = F32549AB1FE12C6500CB2942 /* Products */;
			projectDirPath = "";
			projectRoot = "";
			targets = (
				F32549A91FE12C6500CB2942 /* RealmDo */,
			);
		};
/* End PBXProject section */

/* Begin PBXResourcesBuildPhase section */
		F32549A81FE12C6500CB2942 /* Resources */ = {
			isa = PBXResourcesBuildPhase;
			buildActionMask = 2147483647;
			files = (
				F32549BA1FE12C6500CB2942 /* LaunchScreen.storyboard in Resources */,
				F32549B71FE12C6500CB2942 /* Assets.xcassets in Resources */,
				F32549B51FE12C6500CB2942 /* Main.storyboard in Resources */,
			);
			runOnlyForDeploymentPostprocessing = 0;
		};
/* End PBXResourcesBuildPhase section */

/* Begin PBXShellScriptBuildPhase section */
		02546B8EC1E555D7836EBD03 /* [CP] Embed Pods Frameworks */ = {
			isa = PBXShellScriptBuildPhase;
			buildActionMask = 2147483647;
			files = (
			);
			inputPaths = (
				"${SRCROOT}/Pods/Target Support Files/Pods-RealmDo/Pods-RealmDo-frameworks.sh",
				"${BUILT_PRODUCTS_DIR}/Realm/Realm.framework",
				"${BUILT_PRODUCTS_DIR}/RealmSwift/RealmSwift.framework",
			);
			name = "[CP] Embed Pods Frameworks";
			outputPaths = (
				"${TARGET_BUILD_DIR}/${FRAMEWORKS_FOLDER_PATH}/Realm.framework",
				"${TARGET_BUILD_DIR}/${FRAMEWORKS_FOLDER_PATH}/RealmSwift.framework",
			);
			runOnlyForDeploymentPostprocessing = 0;
			shellPath = /bin/sh;
			shellScript = "\"${SRCROOT}/Pods/Target Support Files/Pods-RealmDo/Pods-RealmDo-frameworks.sh\"\n";
			showEnvVarsInLog = 0;
		};
		736EA01CDF2E5857FBB5D71D /* [CP] Check Pods Manifest.lock */ = {
			isa = PBXShellScriptBuildPhase;
			buildActionMask = 2147483647;
			files = (
			);
			inputPaths = (
				"${PODS_PODFILE_DIR_PATH}/Podfile.lock",
				"${PODS_ROOT}/Manifest.lock",
			);
			name = "[CP] Check Pods Manifest.lock";
			outputPaths = (
				"$(DERIVED_FILE_DIR)/Pods-RealmDo-checkManifestLockResult.txt",
			);
			runOnlyForDeploymentPostprocessing = 0;
			shellPath = /bin/sh;
			shellScript = "diff \"${PODS_PODFILE_DIR_PATH}/Podfile.lock\" \"${PODS_ROOT}/Manifest.lock\" > /dev/null\nif [ $? != 0 ] ; then\n    # print error to STDERR\n    echo \"error: The sandbox is not in sync with the Podfile.lock. Run 'pod install' or update your CocoaPods installation.\" >&2\n    exit 1\nfi\n# This output is used by Xcode 'outputs' to avoid re-running this script phase.\necho \"SUCCESS\" > \"${SCRIPT_OUTPUT_FILE_0}\"\n";
			showEnvVarsInLog = 0;
		};
		C9C5D7E4270FC3B43000EC27 /* [CP] Copy Pods Resources */ = {
			isa = PBXShellScriptBuildPhase;
			buildActionMask = 2147483647;
			files = (
			);
			inputPaths = (
			);
			name = "[CP] Copy Pods Resources";
			outputPaths = (
			);
			runOnlyForDeploymentPostprocessing = 0;
			shellPath = /bin/sh;
			shellScript = "\"${SRCROOT}/Pods/Target Support Files/Pods-RealmDo/Pods-RealmDo-resources.sh\"\n";
			showEnvVarsInLog = 0;
		};
/* End PBXShellScriptBuildPhase section */

/* Begin PBXSourcesBuildPhase section */
		F32549A61FE12C6500CB2942 /* Sources */ = {
			isa = PBXSourcesBuildPhase;
			buildActionMask = 2147483647;
			files = (
				F32549B21FE12C6500CB2942 /* DetailViewController.swift in Sources */,
				F32549B01FE12C6500CB2942 /* MasterViewController.swift in Sources */,
				F32549AE1FE12C6500CB2942 /* AppDelegate.swift in Sources */,
				F3EA630E1FE12ED600534A02 /* Reminder.swift in Sources */,
			);
			runOnlyForDeploymentPostprocessing = 0;
		};
/* End PBXSourcesBuildPhase section */

/* Begin PBXVariantGroup section */
		F32549B31FE12C6500CB2942 /* Main.storyboard */ = {
			isa = PBXVariantGroup;
			children = (
				F32549B41FE12C6500CB2942 /* Base */,
			);
			name = Main.storyboard;
			sourceTree = "<group>";
		};
		F32549B81FE12C6500CB2942 /* LaunchScreen.storyboard */ = {
			isa = PBXVariantGroup;
			children = (
				F32549B91FE12C6500CB2942 /* Base */,
			);
			name = LaunchScreen.storyboard;
			sourceTree = "<group>";
		};
/* End PBXVariantGroup section */

/* Begin XCBuildConfiguration section */
		F32549BC1FE12C6500CB2942 /* Debug */ = {
			isa = XCBuildConfiguration;
			buildSettings = {
				ALWAYS_SEARCH_USER_PATHS = NO;
				CLANG_ANALYZER_NONNULL = YES;
				CLANG_ANALYZER_NUMBER_OBJECT_CONVERSION = YES_AGGRESSIVE;
				CLANG_CXX_LANGUAGE_STANDARD = "gnu++14";
				CLANG_CXX_LIBRARY = "libc++";
				CLANG_ENABLE_MODULES = YES;
				CLANG_ENABLE_OBJC_ARC = YES;
				CLANG_WARN_BLOCK_CAPTURE_AUTORELEASING = YES;
				CLANG_WARN_BOOL_CONVERSION = YES;
				CLANG_WARN_COMMA = YES;
				CLANG_WARN_CONSTANT_CONVERSION = YES;
				CLANG_WARN_DIRECT_OBJC_ISA_USAGE = YES_ERROR;
				CLANG_WARN_DOCUMENTATION_COMMENTS = YES;
				CLANG_WARN_EMPTY_BODY = YES;
				CLANG_WARN_ENUM_CONVERSION = YES;
				CLANG_WARN_INFINITE_RECURSION = YES;
				CLANG_WARN_INT_CONVERSION = YES;
				CLANG_WARN_NON_LITERAL_NULL_CONVERSION = YES;
				CLANG_WARN_OBJC_LITERAL_CONVERSION = YES;
				CLANG_WARN_OBJC_ROOT_CLASS = YES_ERROR;
				CLANG_WARN_RANGE_LOOP_ANALYSIS = YES;
				CLANG_WARN_STRICT_PROTOTYPES = YES;
				CLANG_WARN_SUSPICIOUS_MOVE = YES;
				CLANG_WARN_UNGUARDED_AVAILABILITY = YES_AGGRESSIVE;
				CLANG_WARN_UNREACHABLE_CODE = YES;
				CLANG_WARN__DUPLICATE_METHOD_MATCH = YES;
				CODE_SIGN_IDENTITY = "iPhone Developer";
				COPY_PHASE_STRIP = NO;
				DEBUG_INFORMATION_FORMAT = dwarf;
				ENABLE_STRICT_OBJC_MSGSEND = YES;
				ENABLE_TESTABILITY = YES;
				GCC_C_LANGUAGE_STANDARD = gnu11;
				GCC_DYNAMIC_NO_PIC = NO;
				GCC_NO_COMMON_BLOCKS = YES;
				GCC_OPTIMIZATION_LEVEL = 0;
				GCC_PREPROCESSOR_DEFINITIONS = (
					"DEBUG=1",
					"$(inherited)",
				);
				GCC_WARN_64_TO_32_BIT_CONVERSION = YES;
				GCC_WARN_ABOUT_RETURN_TYPE = YES_ERROR;
				GCC_WARN_UNDECLARED_SELECTOR = YES;
				GCC_WARN_UNINITIALIZED_AUTOS = YES_AGGRESSIVE;
				GCC_WARN_UNUSED_FUNCTION = YES;
				GCC_WARN_UNUSED_VARIABLE = YES;
				IPHONEOS_DEPLOYMENT_TARGET = 11.2;
				MTL_ENABLE_DEBUG_INFO = YES;
				ONLY_ACTIVE_ARCH = YES;
				SDKROOT = iphoneos;
				SWIFT_ACTIVE_COMPILATION_CONDITIONS = DEBUG;
				SWIFT_OPTIMIZATION_LEVEL = "-Onone";
			};
			name = Debug;
		};
		F32549BD1FE12C6500CB2942 /* Release */ = {
			isa = XCBuildConfiguration;
			buildSettings = {
				ALWAYS_SEARCH_USER_PATHS = NO;
				CLANG_ANALYZER_NONNULL = YES;
				CLANG_ANALYZER_NUMBER_OBJECT_CONVERSION = YES_AGGRESSIVE;
				CLANG_CXX_LANGUAGE_STANDARD = "gnu++14";
				CLANG_CXX_LIBRARY = "libc++";
				CLANG_ENABLE_MODULES = YES;
				CLANG_ENABLE_OBJC_ARC = YES;
				CLANG_WARN_BLOCK_CAPTURE_AUTORELEASING = YES;
				CLANG_WARN_BOOL_CONVERSION = YES;
				CLANG_WARN_COMMA = YES;
				CLANG_WARN_CONSTANT_CONVERSION = YES;
				CLANG_WARN_DIRECT_OBJC_ISA_USAGE = YES_ERROR;
				CLANG_WARN_DOCUMENTATION_COMMENTS = YES;
				CLANG_WARN_EMPTY_BODY = YES;
				CLANG_WARN_ENUM_CONVERSION = YES;
				CLANG_WARN_INFINITE_RECURSION = YES;
				CLANG_WARN_INT_CONVERSION = YES;
				CLANG_WARN_NON_LITERAL_NULL_CONVERSION = YES;
				CLANG_WARN_OBJC_LITERAL_CONVERSION = YES;
				CLANG_WARN_OBJC_ROOT_CLASS = YES_ERROR;
				CLANG_WARN_RANGE_LOOP_ANALYSIS = YES;
				CLANG_WARN_STRICT_PROTOTYPES = YES;
				CLANG_WARN_SUSPICIOUS_MOVE = YES;
				CLANG_WARN_UNGUARDED_AVAILABILITY = YES_AGGRESSIVE;
				CLANG_WARN_UNREACHABLE_CODE = YES;
				CLANG_WARN__DUPLICATE_METHOD_MATCH = YES;
				CODE_SIGN_IDENTITY = "iPhone Developer";
				COPY_PHASE_STRIP = NO;
				DEBUG_INFORMATION_FORMAT = "dwarf-with-dsym";
				ENABLE_NS_ASSERTIONS = NO;
				ENABLE_STRICT_OBJC_MSGSEND = YES;
				GCC_C_LANGUAGE_STANDARD = gnu11;
				GCC_NO_COMMON_BLOCKS = YES;
				GCC_WARN_64_TO_32_BIT_CONVERSION = YES;
				GCC_WARN_ABOUT_RETURN_TYPE = YES_ERROR;
				GCC_WARN_UNDECLARED_SELECTOR = YES;
				GCC_WARN_UNINITIALIZED_AUTOS = YES_AGGRESSIVE;
				GCC_WARN_UNUSED_FUNCTION = YES;
				GCC_WARN_UNUSED_VARIABLE = YES;
				IPHONEOS_DEPLOYMENT_TARGET = 11.2;
				MTL_ENABLE_DEBUG_INFO = NO;
				SDKROOT = iphoneos;
				SWIFT_OPTIMIZATION_LEVEL = "-Owholemodule";
				VALIDATE_PRODUCT = YES;
			};
			name = Release;
		};
		F32549BF1FE12C6500CB2942 /* Debug */ = {
			isa = XCBuildConfiguration;
			baseConfigurationReference = 3C2B1A5B681BE0E7D0BB04FF /* Pods-RealmDo.debug.xcconfig */;
			buildSettings = {
				ASSETCATALOG_COMPILER_APPICON_NAME = AppIcon;
				CODE_SIGN_STYLE = Automatic;
				DEVELOPMENT_TEAM = 4246PMBZVS;
				INFOPLIST_FILE = RealmDo/Info.plist;
				LD_RUNPATH_SEARCH_PATHS = "$(inherited) @executable_path/Frameworks";
				PRODUCT_BUNDLE_IDENTIFIER = com.landtanin.RealmDo;
				PRODUCT_NAME = "$(TARGET_NAME)";
				SWIFT_VERSION = 4.0;
				TARGETED_DEVICE_FAMILY = "1,2";
			};
			name = Debug;
		};
		F32549C01FE12C6500CB2942 /* Release */ = {
			isa = XCBuildConfiguration;
			baseConfigurationReference = A8E8E45D5FEB37E7F1CDC6B9 /* Pods-RealmDo.release.xcconfig */;
			buildSettings = {
				ASSETCATALOG_COMPILER_APPICON_NAME = AppIcon;
				CODE_SIGN_STYLE = Automatic;
				DEVELOPMENT_TEAM = 4246PMBZVS;
				INFOPLIST_FILE = RealmDo/Info.plist;
				LD_RUNPATH_SEARCH_PATHS = "$(inherited) @executable_path/Frameworks";
				PRODUCT_BUNDLE_IDENTIFIER = com.landtanin.RealmDo;
				PRODUCT_NAME = "$(TARGET_NAME)";
				SWIFT_VERSION = 4.0;
				TARGETED_DEVICE_FAMILY = "1,2";
			};
			name = Release;
		};
/* End XCBuildConfiguration section */

/* Begin XCConfigurationList section */
		F32549A51FE12C6500CB2942 /* Build configuration list for PBXProject "RealmDo" */ = {
			isa = XCConfigurationList;
			buildConfigurations = (
				F32549BC1FE12C6500CB2942 /* Debug */,
				F32549BD1FE12C6500CB2942 /* Release */,
			);
			defaultConfigurationIsVisible = 0;
			defaultConfigurationName = Release;
		};
		F32549BE1FE12C6500CB2942 /* Build configuration list for PBXNativeTarget "RealmDo" */ = {
			isa = XCConfigurationList;
			buildConfigurations = (
				F32549BF1FE12C6500CB2942 /* Debug */,
				F32549C01FE12C6500CB2942 /* Release */,
			);
			defaultConfigurationIsVisible = 0;
			defaultConfigurationName = Release;
		};
/* End XCConfigurationList section */
	};
	rootObject = F32549A21FE12C6500CB2942 /* Project object */;
}
